
Microsoft Visual Studio Solution File, Format Version 12.00
# Visual Studio Version 17
VisualStudioVersion = 17.4.33213.308
MinimumVisualStudioVersion = 10.0.40219.1
Project("{FAE04EC0-301F-11D3-BF4B-00C04F79EFBC}") = "ClassLibrary", "ClassLibrary\ClassLibrary.csproj", "{D808C83B-479D-4D26-9199-325F2C5C2420}"
EndProject
Project("{FAE04EC0-301F-11D3-BF4B-00C04F79EFBC}") = "TestProject", "..\TestLibrary\TestProject\TestProject.csproj", "{4288A5B4-FC98-4211-8302-BF685252030F}"
EndProject
Global
	GlobalSection(SolutionConfigurationPlatforms) = preSolution
		Debug|Any CPU = Debug|Any CPU
		Release|Any CPU = Release|Any CPU
	EndGlobalSection
	GlobalSection(ProjectConfigurationPlatforms) = postSolution
		{D808C83B-479D-4D26-9199-325F2C5C2420}.Debug|Any CPU.ActiveCfg = Debug|Any CPU
		{D808C83B-479D-4D26-9199-325F2C5C2420}.Debug|Any CPU.Build.0 = Debug|Any CPU
		{D808C83B-479D-4D26-9199-325F2C5C2420}.Release|Any CPU.ActiveCfg = Release|Any CPU
		{D808C83B-479D-4D26-9199-325F2C5C2420}.Release|Any CPU.Build.0 = Release|Any CPU
		{4288A5B4-FC98-4211-8302-BF685252030F}.Debug|Any CPU.ActiveCfg = Debug|Any CPU
		{4288A5B4-FC98-4211-8302-BF685252030F}.Debug|Any CPU.Build.0 = Debug|Any CPU
		{4288A5B4-FC98-4211-8302-BF685252030F}.Release|Any CPU.ActiveCfg = Release|Any CPU
		{4288A5B4-FC98-4211-8302-BF685252030F}.Release|Any CPU.Build.0 = Release|Any CPU
	EndGlobalSection
	GlobalSection(SolutionProperties) = preSolution
		HideSolutionNode = FALSE
	EndGlobalSection
	GlobalSection(ExtensibilityGlobals) = postSolution
		SolutionGuid = {4B3BC6A9-A26B-40DE-A161-9D29EA7C4E43}
	EndGlobalSection
EndGlobal
